
Microsoft Visual Studio Solution File, Format Version 12.00
# Visual Studio Version 17
VisualStudioVersion = 17.4.33213.308
MinimumVisualStudioVersion = 10.0.40219.1
Project("{FAE04EC0-301F-11D3-BF4B-00C04F79EFBC}") = "SD115Demos", "SD115Demos.csproj", "{BF363EA8-06B6-4B5D-9666-146F11E03E4C}"
EndProject
Global
	GlobalSection(SolutionConfigurationPlatforms) = preSolution
		Debug|Any CPU = Debug|Any CPU
		Release|Any CPU = Release|Any CPU
	EndGlobalSection
	GlobalSection(ProjectConfigurationPlatforms) = postSolution
		{BF363EA8-06B6-4B5D-9666-146F11E03E4C}.Debug|Any CPU.ActiveCfg = Debug|Any CPU
		{BF363EA8-06B6-4B5D-9666-146F11E03E4C}.Debug|Any CPU.Build.0 = Debug|Any CPU
		{BF363EA8-06B6-4B5D-9666-146F11E03E4C}.Release|Any CPU.ActiveCfg = Release|Any CPU
		{BF363EA8-06B6-4B5D-9666-146F11E03E4C}.Release|Any CPU.Build.0 = Release|Any CPU
	EndGlobalSection
	GlobalSection(SolutionProperties) = preSolution
		HideSolutionNode = FALSE
	EndGlobalSection
	GlobalSection(ExtensibilityGlobals) = postSolution
		SolutionGuid = {661EF0C0-AA56-4727-A08B-B8474E76970A}
	EndGlobalSection
EndGlobal
